
Microsoft Visual Studio Solution File, Format Version 12.00
# Visual Studio Version 17
VisualStudioVersion = 17.0.31903.59
MinimumVisualStudioVersion = 10.0.40219.1
Project("{2150E333-8FDC-42A3-9474-1A3956D46DE8}") = "src", "src", "{D82C56D6-B2CD-F611-9E31-04638F7EC30E}"
EndProject
Project("{FAE04EC0-301F-11D3-BF4B-00C04F79EFBC}") = "Api", "api\Api.csproj", "{B9CE6717-F57F-4EE2-AC2F-C3557DBE8188}"
EndProject
Project("{2150E333-8FDC-42A3-9474-1A3956D46DE8}") = "Tests", "Tests", "{45DE0857-3104-4909-8A69-1AE20EAB76DF}"
EndProject
Project("{FAE04EC0-301F-11D3-BF4B-00C04F79EFBC}") = "frontend-blazor", "frontend-blazor\frontend-blazor.csproj", "{395A40E7-2F73-140A-0C55-77D59F73E609}"
EndProject
Project("{FAE04EC0-301F-11D3-BF4B-00C04F79EFBC}") = "Testers.AppHost", "Testers.AppHost\Testers.AppHost.csproj", "{A1B2C3D4-E5F6-7890-ABCD-123456789012}"
EndProject
Project("{FAE04EC0-301F-11D3-BF4B-00C04F79EFBC}") = "Testers.ServiceDefaults", "Testers.ServiceDefaults\Testers.ServiceDefaults.csproj", "{7F250A78-6694-4FD8-81D4-16306D34613D}"
EndProject
Project("{2150E333-8FDC-42A3-9474-1A3956D46DE8}") = "scripts", "scripts", "{9E415875-AE9B-4534-A30F-DB7189CD4F7C}"
	ProjectSection(SolutionItems) = preProject
		docker-compose.yml = docker-compose.yml
		nginx\nginx.conf = nginx\nginx.conf
		README.md = README.md
	EndProjectSection
EndProject
Project("{2150E333-8FDC-42A3-9474-1A3956D46DE8}") = "frontend-react", "frontend-react", "{82517AB2-1502-4504-98EC-95498BD69C58}"
	ProjectSection(SolutionItems) = preProject
		frontend-react\src\App.css = frontend-react\src\App.css
		frontend-react\src\App.js = frontend-react\src\App.js
		frontend-react\Dockerfile = frontend-react\Dockerfile
		frontend-react\src\index.css = frontend-react\src\index.css
		frontend-react\public\index.html = frontend-react\public\index.html
		frontend-react\src\index.js = frontend-react\src\index.js
		frontend-react\nginx\nginx.conf = frontend-react\nginx\nginx.conf
		frontend-react\package.json = frontend-react\package.json
		frontend-react\README.md = frontend-react\README.md
	EndProjectSection
EndProject
Project("{2150E333-8FDC-42A3-9474-1A3956D46DE8}") = "infrastructure", "infrastructure", "{02EA681E-C7D8-13C7-8484-4AC65E1B71E8}"
EndProject
Project("{2150E333-8FDC-42A3-9474-1A3956D46DE8}") = "Solution Items", "Solution Items", "{E489A4F3-C409-4C0C-AB39-C95D44193425}"
	ProjectSection(SolutionItems) = preProject
		.editorconfig = .editorconfig
	EndProjectSection
EndProject
Project("{2150E333-8FDC-42A3-9474-1A3956D46DE8}") = "unit", "unit", "{AC8F9D0F-E7B6-EE12-73CF-13F012C690B2}"
EndProject
Project("{FAE04EC0-301F-11D3-BF4B-00C04F79EFBC}") = "Api.UnitTests", "tests\unit\Api.UnitTests\Api.UnitTests.csproj", "{D1FC45CA-AEFB-4032-B675-6606F6AF6009}"
EndProject
Project("{FAE04EC0-301F-11D3-BF4B-00C04F79EFBC}") = "Blazor.UnitTests", "tests\unit\Blazor.UnitTests\Blazor.UnitTests.csproj", "{2FED3E79-E2AE-41BB-B5E4-F470A9184176}"
EndProject
Project("{FAE04EC0-301F-11D3-BF4B-00C04F79EFBC}") = "ServiceDefaults.UnitTests", "tests\unit\ServiceDefaults.UnitTests\ServiceDefaults.UnitTests.csproj", "{A47D009C-D252-4F32-8CDB-FB86D60786D1}"
EndProject
Project("{2150E333-8FDC-42A3-9474-1A3956D46DE8}") = "integration", "integration", "{F5E5CF1E-2E0F-29D0-AC70-2E36AD9744DF}"
EndProject
Project("{FAE04EC0-301F-11D3-BF4B-00C04F79EFBC}") = "Api.IntegrationTests", "tests\integration\Api.IntegrationTests\Api.IntegrationTests.csproj", "{B7118881-EA63-4E1C-8369-C038647C192E}"
EndProject
Project("{FAE04EC0-301F-11D3-BF4B-00C04F79EFBC}") = "Database.IntegrationTests", "tests\integration\Database.IntegrationTests\Database.IntegrationTests.csproj", "{CE646B33-DAC6-4FD4-A9C2-147EF387986A}"
EndProject
Project("{FAE04EC0-301F-11D3-BF4B-00C04F79EFBC}") = "Services.IntegrationTests", "tests\integration\Services.IntegrationTests\Services.IntegrationTests.csproj", "{E542CD26-48AD-4B34-BD11-52D257FB6B37}"
EndProject
Project("{2150E333-8FDC-42A3-9474-1A3956D46DE8}") = "functional", "functional", "{EE16453E-4CBE-55ED-F95D-B39DC3CA47EF}"
EndProject
Project("{FAE04EC0-301F-11D3-BF4B-00C04F79EFBC}") = "WebUI.FunctionalTests", "tests\functional\WebUI.FunctionalTests\WebUI.FunctionalTests.csproj", "{3700CAEF-79F2-405B-8801-9339DFF11940}"
EndProject
Project("{FAE04EC0-301F-11D3-BF4B-00C04F79EFBC}") = "API.FunctionalTests", "tests\functional\API.FunctionalTests\API.FunctionalTests.csproj", "{EA106B4D-D035-4819-BCEF-C55420A46530}"
EndProject
Project("{FAE04EC0-301F-11D3-BF4B-00C04F79EFBC}") = "Workflow.FunctionalTests", "tests\functional\Workflow.FunctionalTests\Workflow.FunctionalTests.csproj", "{E2414486-AFAA-49B6-956E-3D26259CBAB8}"
EndProject
Project("{2150E333-8FDC-42A3-9474-1A3956D46DE8}") = "performance", "performance", "{794F3F40-07BE-6997-455F-23AD8C9CFF9D}"
EndProject
Project("{FAE04EC0-301F-11D3-BF4B-00C04F79EFBC}") = "LoadTests.NBomber", "tests\performance\LoadTests.NBomber\LoadTests.NBomber.csproj", "{A94ED35F-CC11-4443-AE3F-75967562DBA7}"
EndProject
Project("{FAE04EC0-301F-11D3-BF4B-00C04F79EFBC}") = "StressTests", "tests\performance\StressTests\StressTests.csproj", "{296F1E51-D0AF-444A-819E-1E70E274EE64}"
EndProject
Project("{2150E333-8FDC-42A3-9474-1A3956D46DE8}") = "k6", "k6", "{F1A2B3C4-D5E6-F789-0123-456789ABCDEF}"
	ProjectSection(SolutionItems) = preProject
		tests\k6\Dockerfile = tests\k6\Dockerfile
		tests\k6\k6-config.yml = tests\k6\k6-config.yml
		tests\k6\load-test.js = tests\k6\load-test.js
	EndProjectSection
EndProject
Project("{2150E333-8FDC-42A3-9474-1A3956D46DE8}") = "security", "security", "{371801D1-F0CC-4D4C-1235-EFA502F69593}"
EndProject
Project("{FAE04EC0-301F-11D3-BF4B-00C04F79EFBC}") = "ApiSecurity.Tests", "tests\security\ApiSecurity.Tests\ApiSecurity.Tests.csproj", "{A95A49F1-C01E-4986-B2FB-AF4C54164A3D}"
EndProject
Project("{FAE04EC0-301F-11D3-BF4B-00C04F79EFBC}") = "AuthenticationTests", "tests\security\AuthenticationTests\AuthenticationTests.csproj", "{B8982DE3-B20A-48E0-BBA1-2028588C253B}"
EndProject
Project("{2150E333-8FDC-42A3-9474-1A3956D46DE8}") = "contract", "contract", "{976A6A19-DAC8-5E67-706C-FBDBB7BF594C}"
EndProject
Project("{FAE04EC0-301F-11D3-BF4B-00C04F79EFBC}") = "ApiContract.Tests", "tests\contract\ApiContract.Tests\ApiContract.Tests.csproj", "{401D569F-E70E-4F3B-8CC8-1A0D6543E341}"
EndProject
Project("{FAE04EC0-301F-11D3-BF4B-00C04F79EFBC}") = "DatabaseContract.Tests", "tests\contract\DatabaseContract.Tests\DatabaseContract.Tests.csproj", "{6EBE44C7-AA59-4C0B-86C8-62760FF93EE5}"
EndProject
Global
	GlobalSection(SolutionConfigurationPlatforms) = preSolution
		Debug|Any CPU = Debug|Any CPU
		Debug|x64 = Debug|x64
		Debug|x86 = Debug|x86
		Release|Any CPU = Release|Any CPU
		Release|x64 = Release|x64
		Release|x86 = Release|x86
	EndGlobalSection
	GlobalSection(ProjectConfigurationPlatforms) = postSolution
		{B9CE6717-F57F-4EE2-AC2F-C3557DBE8188}.Debug|Any CPU.ActiveCfg = Debug|Any CPU
		{B9CE6717-F57F-4EE2-AC2F-C3557DBE8188}.Debug|Any CPU.Build.0 = Debug|Any CPU
		{B9CE6717-F57F-4EE2-AC2F-C3557DBE8188}.Debug|x64.ActiveCfg = Debug|Any CPU
		{B9CE6717-F57F-4EE2-AC2F-C3557DBE8188}.Debug|x64.Build.0 = Debug|Any CPU
		{B9CE6717-F57F-4EE2-AC2F-C3557DBE8188}.Debug|x86.ActiveCfg = Debug|Any CPU
		{B9CE6717-F57F-4EE2-AC2F-C3557DBE8188}.Debug|x86.Build.0 = Debug|Any CPU
		{B9CE6717-F57F-4EE2-AC2F-C3557DBE8188}.Release|Any CPU.ActiveCfg = Release|Any CPU
		{B9CE6717-F57F-4EE2-AC2F-C3557DBE8188}.Release|Any CPU.Build.0 = Release|Any CPU
		{B9CE6717-F57F-4EE2-AC2F-C3557DBE8188}.Release|x64.ActiveCfg = Release|Any CPU
		{B9CE6717-F57F-4EE2-AC2F-C3557DBE8188}.Release|x64.Build.0 = Release|Any CPU
		{B9CE6717-F57F-4EE2-AC2F-C3557DBE8188}.Release|x86.ActiveCfg = Release|Any CPU
		{B9CE6717-F57F-4EE2-AC2F-C3557DBE8188}.Release|x86.Build.0 = Release|Any CPU
		{395A40E7-2F73-140A-0C55-77D59F73E609}.Debug|Any CPU.ActiveCfg = Debug|Any CPU
		{395A40E7-2F73-140A-0C55-77D59F73E609}.Debug|Any CPU.Build.0 = Debug|Any CPU
		{395A40E7-2F73-140A-0C55-77D59F73E609}.Debug|x64.ActiveCfg = Debug|Any CPU
		{395A40E7-2F73-140A-0C55-77D59F73E609}.Debug|x64.Build.0 = Debug|Any CPU
		{395A40E7-2F73-140A-0C55-77D59F73E609}.Debug|x86.ActiveCfg = Debug|Any CPU
		{395A40E7-2F73-140A-0C55-77D59F73E609}.Debug|x86.Build.0 = Debug|Any CPU
		{395A40E7-2F73-140A-0C55-77D59F73E609}.Release|Any CPU.ActiveCfg = Release|Any CPU
		{395A40E7-2F73-140A-0C55-77D59F73E609}.Release|Any CPU.Build.0 = Release|Any CPU
		{395A40E7-2F73-140A-0C55-77D59F73E609}.Release|x64.ActiveCfg = Release|Any CPU
		{395A40E7-2F73-140A-0C55-77D59F73E609}.Release|x64.Build.0 = Release|Any CPU
		{395A40E7-2F73-140A-0C55-77D59F73E609}.Release|x86.ActiveCfg = Release|Any CPU
		{395A40E7-2F73-140A-0C55-77D59F73E609}.Release|x86.Build.0 = Release|Any CPU
		{A1B2C3D4-E5F6-7890-ABCD-123456789012}.Debug|Any CPU.ActiveCfg = Debug|Any CPU
		{A1B2C3D4-E5F6-7890-ABCD-123456789012}.Debug|Any CPU.Build.0 = Debug|Any CPU
		{A1B2C3D4-E5F6-7890-ABCD-123456789012}.Debug|x64.ActiveCfg = Debug|Any CPU
		{A1B2C3D4-E5F6-7890-ABCD-123456789012}.Debug|x64.Build.0 = Debug|Any CPU
		{A1B2C3D4-E5F6-7890-ABCD-123456789012}.Debug|x86.ActiveCfg = Debug|Any CPU
		{A1B2C3D4-E5F6-7890-ABCD-123456789012}.Debug|x86.Build.0 = Debug|Any CPU
		{A1B2C3D4-E5F6-7890-ABCD-123456789012}.Release|Any CPU.ActiveCfg = Release|Any CPU
		{A1B2C3D4-E5F6-7890-ABCD-123456789012}.Release|Any CPU.Build.0 = Release|Any CPU
		{A1B2C3D4-E5F6-7890-ABCD-123456789012}.Release|x64.ActiveCfg = Release|Any CPU
		{A1B2C3D4-E5F6-7890-ABCD-123456789012}.Release|x64.Build.0 = Release|Any CPU
		{A1B2C3D4-E5F6-7890-ABCD-123456789012}.Release|x86.ActiveCfg = Release|Any CPU
		{A1B2C3D4-E5F6-7890-ABCD-123456789012}.Release|x86.Build.0 = Release|Any CPU
		{7F250A78-6694-4FD8-81D4-16306D34613D}.Debug|Any CPU.ActiveCfg = Debug|Any CPU
		{7F250A78-6694-4FD8-81D4-16306D34613D}.Debug|Any CPU.Build.0 = Debug|Any CPU
		{7F250A78-6694-4FD8-81D4-16306D34613D}.Debug|x64.ActiveCfg = Debug|Any CPU
		{7F250A78-6694-4FD8-81D4-16306D34613D}.Debug|x64.Build.0 = Debug|Any CPU
		{7F250A78-6694-4FD8-81D4-16306D34613D}.Debug|x86.ActiveCfg = Debug|Any CPU
		{7F250A78-6694-4FD8-81D4-16306D34613D}.Debug|x86.Build.0 = Debug|Any CPU
		{7F250A78-6694-4FD8-81D4-16306D34613D}.Release|Any CPU.ActiveCfg = Release|Any CPU
		{7F250A78-6694-4FD8-81D4-16306D34613D}.Release|Any CPU.Build.0 = Release|Any CPU
		{7F250A78-6694-4FD8-81D4-16306D34613D}.Release|x64.ActiveCfg = Release|Any CPU
		{7F250A78-6694-4FD8-81D4-16306D34613D}.Release|x64.Build.0 = Release|Any CPU
		{7F250A78-6694-4FD8-81D4-16306D34613D}.Release|x86.ActiveCfg = Release|Any CPU
		{7F250A78-6694-4FD8-81D4-16306D34613D}.Release|x86.Build.0 = Release|Any CPU
		{D1FC45CA-AEFB-4032-B675-6606F6AF6009}.Debug|Any CPU.ActiveCfg = Debug|Any CPU
		{D1FC45CA-AEFB-4032-B675-6606F6AF6009}.Debug|Any CPU.Build.0 = Debug|Any CPU
		{D1FC45CA-AEFB-4032-B675-6606F6AF6009}.Debug|x64.ActiveCfg = Debug|Any CPU
		{D1FC45CA-AEFB-4032-B675-6606F6AF6009}.Debug|x64.Build.0 = Debug|Any CPU
		{D1FC45CA-AEFB-4032-B675-6606F6AF6009}.Debug|x86.ActiveCfg = Debug|Any CPU
		{D1FC45CA-AEFB-4032-B675-6606F6AF6009}.Debug|x86.Build.0 = Debug|Any CPU
		{D1FC45CA-AEFB-4032-B675-6606F6AF6009}.Release|Any CPU.ActiveCfg = Release|Any CPU
		{D1FC45CA-AEFB-4032-B675-6606F6AF6009}.Release|Any CPU.Build.0 = Release|Any CPU
		{D1FC45CA-AEFB-4032-B675-6606F6AF6009}.Release|x64.ActiveCfg = Release|Any CPU
		{D1FC45CA-AEFB-4032-B675-6606F6AF6009}.Release|x64.Build.0 = Release|Any CPU
		{D1FC45CA-AEFB-4032-B675-6606F6AF6009}.Release|x86.ActiveCfg = Release|Any CPU
		{D1FC45CA-AEFB-4032-B675-6606F6AF6009}.Release|x86.Build.0 = Release|Any CPU
		{2FED3E79-E2AE-41BB-B5E4-F470A9184176}.Debug|Any CPU.ActiveCfg = Debug|Any CPU
		{2FED3E79-E2AE-41BB-B5E4-F470A9184176}.Debug|Any CPU.Build.0 = Debug|Any CPU
		{2FED3E79-E2AE-41BB-B5E4-F470A9184176}.Debug|x64.ActiveCfg = Debug|Any CPU
		{2FED3E79-E2AE-41BB-B5E4-F470A9184176}.Debug|x64.Build.0 = Debug|Any CPU
		{2FED3E79-E2AE-41BB-B5E4-F470A9184176}.Debug|x86.ActiveCfg = Debug|Any CPU
		{2FED3E79-E2AE-41BB-B5E4-F470A9184176}.Debug|x86.Build.0 = Debug|Any CPU
		{2FED3E79-E2AE-41BB-B5E4-F470A9184176}.Release|Any CPU.ActiveCfg = Release|Any CPU
		{2FED3E79-E2AE-41BB-B5E4-F470A9184176}.Release|Any CPU.Build.0 = Release|Any CPU
		{2FED3E79-E2AE-41BB-B5E4-F470A9184176}.Release|x64.ActiveCfg = Release|Any CPU
		{2FED3E79-E2AE-41BB-B5E4-F470A9184176}.Release|x64.Build.0 = Release|Any CPU
		{2FED3E79-E2AE-41BB-B5E4-F470A9184176}.Release|x86.ActiveCfg = Release|Any CPU
		{2FED3E79-E2AE-41BB-B5E4-F470A9184176}.Release|x86.Build.0 = Release|Any CPU
		{A47D009C-D252-4F32-8CDB-FB86D60786D1}.Debug|Any CPU.ActiveCfg = Debug|Any CPU
		{A47D009C-D252-4F32-8CDB-FB86D60786D1}.Debug|Any CPU.Build.0 = Debug|Any CPU
		{A47D009C-D252-4F32-8CDB-FB86D60786D1}.Debug|x64.ActiveCfg = Debug|Any CPU
		{A47D009C-D252-4F32-8CDB-FB86D60786D1}.Debug|x64.Build.0 = Debug|Any CPU
		{A47D009C-D252-4F32-8CDB-FB86D60786D1}.Debug|x86.ActiveCfg = Debug|Any CPU
		{A47D009C-D252-4F32-8CDB-FB86D60786D1}.Debug|x86.Build.0 = Debug|Any CPU
		{A47D009C-D252-4F32-8CDB-FB86D60786D1}.Release|Any CPU.ActiveCfg = Release|Any CPU
		{A47D009C-D252-4F32-8CDB-FB86D60786D1}.Release|Any CPU.Build.0 = Release|Any CPU
		{A47D009C-D252-4F32-8CDB-FB86D60786D1}.Release|x64.ActiveCfg = Release|Any CPU
		{A47D009C-D252-4F32-8CDB-FB86D60786D1}.Release|x64.Build.0 = Release|Any CPU
		{A47D009C-D252-4F32-8CDB-FB86D60786D1}.Release|x86.ActiveCfg = Release|Any CPU
		{A47D009C-D252-4F32-8CDB-FB86D60786D1}.Release|x86.Build.0 = Release|Any CPU
		{B7118881-EA63-4E1C-8369-C038647C192E}.Debug|Any CPU.ActiveCfg = Debug|Any CPU
		{B7118881-EA63-4E1C-8369-C038647C192E}.Debug|Any CPU.Build.0 = Debug|Any CPU
		{B7118881-EA63-4E1C-8369-C038647C192E}.Debug|x64.ActiveCfg = Debug|Any CPU
		{B7118881-EA63-4E1C-8369-C038647C192E}.Debug|x64.Build.0 = Debug|Any CPU
		{B7118881-EA63-4E1C-8369-C038647C192E}.Debug|x86.ActiveCfg = Debug|Any CPU
		{B7118881-EA63-4E1C-8369-C038647C192E}.Debug|x86.Build.0 = Debug|Any CPU
		{B7118881-EA63-4E1C-8369-C038647C192E}.Release|Any CPU.ActiveCfg = Release|Any CPU
		{B7118881-EA63-4E1C-8369-C038647C192E}.Release|Any CPU.Build.0 = Release|Any CPU
		{B7118881-EA63-4E1C-8369-C038647C192E}.Release|x64.ActiveCfg = Release|Any CPU
		{B7118881-EA63-4E1C-8369-C038647C192E}.Release|x64.Build.0 = Release|Any CPU
		{B7118881-EA63-4E1C-8369-C038647C192E}.Release|x86.ActiveCfg = Release|Any CPU
		{B7118881-EA63-4E1C-8369-C038647C192E}.Release|x86.Build.0 = Release|Any CPU
		{CE646B33-DAC6-4FD4-A9C2-147EF387986A}.Debug|Any CPU.ActiveCfg = Debug|Any CPU
		{CE646B33-DAC6-4FD4-A9C2-147EF387986A}.Debug|Any CPU.Build.0 = Debug|Any CPU
		{CE646B33-DAC6-4FD4-A9C2-147EF387986A}.Debug|x64.ActiveCfg = Debug|Any CPU
		{CE646B33-DAC6-4FD4-A9C2-147EF387986A}.Debug|x64.Build.0 = Debug|Any CPU
		{CE646B33-DAC6-4FD4-A9C2-147EF387986A}.Debug|x86.ActiveCfg = Debug|Any CPU
		{CE646B33-DAC6-4FD4-A9C2-147EF387986A}.Debug|x86.Build.0 = Debug|Any CPU
		{CE646B33-DAC6-4FD4-A9C2-147EF387986A}.Release|Any CPU.ActiveCfg = Release|Any CPU
		{CE646B33-DAC6-4FD4-A9C2-147EF387986A}.Release|Any CPU.Build.0 = Release|Any CPU
		{CE646B33-DAC6-4FD4-A9C2-147EF387986A}.Release|x64.ActiveCfg = Release|Any CPU
		{CE646B33-DAC6-4FD4-A9C2-147EF387986A}.Release|x64.Build.0 = Release|Any CPU
		{CE646B33-DAC6-4FD4-A9C2-147EF387986A}.Release|x86.ActiveCfg = Release|Any CPU
		{CE646B33-DAC6-4FD4-A9C2-147EF387986A}.Release|x86.Build.0 = Release|Any CPU
		{E542CD26-48AD-4B34-BD11-52D257FB6B37}.Debug|Any CPU.ActiveCfg = Debug|Any CPU
		{E542CD26-48AD-4B34-BD11-52D257FB6B37}.Debug|Any CPU.Build.0 = Debug|Any CPU
		{E542CD26-48AD-4B34-BD11-52D257FB6B37}.Debug|x64.ActiveCfg = Debug|Any CPU
		{E542CD26-48AD-4B34-BD11-52D257FB6B37}.Debug|x64.Build.0 = Debug|Any CPU
		{E542CD26-48AD-4B34-BD11-52D257FB6B37}.Debug|x86.ActiveCfg = Debug|Any CPU
		{E542CD26-48AD-4B34-BD11-52D257FB6B37}.Debug|x86.Build.0 = Debug|Any CPU
		{E542CD26-48AD-4B34-BD11-52D257FB6B37}.Release|Any CPU.ActiveCfg = Release|Any CPU
		{E542CD26-48AD-4B34-BD11-52D257FB6B37}.Release|Any CPU.Build.0 = Release|Any CPU
		{E542CD26-48AD-4B34-BD11-52D257FB6B37}.Release|x64.ActiveCfg = Release|Any CPU
		{E542CD26-48AD-4B34-BD11-52D257FB6B37}.Release|x64.Build.0 = Release|Any CPU
		{E542CD26-48AD-4B34-BD11-52D257FB6B37}.Release|x86.ActiveCfg = Release|Any CPU
		{E542CD26-48AD-4B34-BD11-52D257FB6B37}.Release|x86.Build.0 = Release|Any CPU
		{3700CAEF-79F2-405B-8801-9339DFF11940}.Debug|Any CPU.ActiveCfg = Debug|Any CPU
		{3700CAEF-79F2-405B-8801-9339DFF11940}.Debug|Any CPU.Build.0 = Debug|Any CPU
		{3700CAEF-79F2-405B-8801-9339DFF11940}.Debug|x64.ActiveCfg = Debug|Any CPU
		{3700CAEF-79F2-405B-8801-9339DFF11940}.Debug|x64.Build.0 = Debug|Any CPU
		{3700CAEF-79F2-405B-8801-9339DFF11940}.Debug|x86.ActiveCfg = Debug|Any CPU
		{3700CAEF-79F2-405B-8801-9339DFF11940}.Debug|x86.Build.0 = Debug|Any CPU
		{3700CAEF-79F2-405B-8801-9339DFF11940}.Release|Any CPU.ActiveCfg = Release|Any CPU
		{3700CAEF-79F2-405B-8801-9339DFF11940}.Release|Any CPU.Build.0 = Release|Any CPU
		{3700CAEF-79F2-405B-8801-9339DFF11940}.Release|x64.ActiveCfg = Release|Any CPU
		{3700CAEF-79F2-405B-8801-9339DFF11940}.Release|x64.Build.0 = Release|Any CPU
		{3700CAEF-79F2-405B-8801-9339DFF11940}.Release|x86.ActiveCfg = Release|Any CPU
		{3700CAEF-79F2-405B-8801-9339DFF11940}.Release|x86.Build.0 = Release|Any CPU
		{EA106B4D-D035-4819-BCEF-C55420A46530}.Debug|Any CPU.ActiveCfg = Debug|Any CPU
		{EA106B4D-D035-4819-BCEF-C55420A46530}.Debug|Any CPU.Build.0 = Debug|Any CPU
		{EA106B4D-D035-4819-BCEF-C55420A46530}.Debug|x64.ActiveCfg = Debug|Any CPU
		{EA106B4D-D035-4819-BCEF-C55420A46530}.Debug|x64.Build.0 = Debug|Any CPU
		{EA106B4D-D035-4819-BCEF-C55420A46530}.Debug|x86.ActiveCfg = Debug|Any CPU
		{EA106B4D-D035-4819-BCEF-C55420A46530}.Debug|x86.Build.0 = Debug|Any CPU
		{EA106B4D-D035-4819-BCEF-C55420A46530}.Release|Any CPU.ActiveCfg = Release|Any CPU
		{EA106B4D-D035-4819-BCEF-C55420A46530}.Release|Any CPU.Build.0 = Release|Any CPU
		{EA106B4D-D035-4819-BCEF-C55420A46530}.Release|x64.ActiveCfg = Release|Any CPU
		{EA106B4D-D035-4819-BCEF-C55420A46530}.Release|x64.Build.0 = Release|Any CPU
		{EA106B4D-D035-4819-BCEF-C55420A46530}.Release|x86.ActiveCfg = Release|Any CPU
		{EA106B4D-D035-4819-BCEF-C55420A46530}.Release|x86.Build.0 = Release|Any CPU
		{E2414486-AFAA-49B6-956E-3D26259CBAB8}.Debug|Any CPU.ActiveCfg = Debug|Any CPU
		{E2414486-AFAA-49B6-956E-3D26259CBAB8}.Debug|Any CPU.Build.0 = Debug|Any CPU
		{E2414486-AFAA-49B6-956E-3D26259CBAB8}.Debug|x64.ActiveCfg = Debug|Any CPU
		{E2414486-AFAA-49B6-956E-3D26259CBAB8}.Debug|x64.Build.0 = Debug|Any CPU
		{E2414486-AFAA-49B6-956E-3D26259CBAB8}.Debug|x86.ActiveCfg = Debug|Any CPU
		{E2414486-AFAA-49B6-956E-3D26259CBAB8}.Debug|x86.Build.0 = Debug|Any CPU
		{E2414486-AFAA-49B6-956E-3D26259CBAB8}.Release|Any CPU.ActiveCfg = Release|Any CPU
		{E2414486-AFAA-49B6-956E-3D26259CBAB8}.Release|Any CPU.Build.0 = Release|Any CPU
		{E2414486-AFAA-49B6-956E-3D26259CBAB8}.Release|x64.ActiveCfg = Release|Any CPU
		{E2414486-AFAA-49B6-956E-3D26259CBAB8}.Release|x64.Build.0 = Release|Any CPU
		{E2414486-AFAA-49B6-956E-3D26259CBAB8}.Release|x86.ActiveCfg = Release|Any CPU
		{E2414486-AFAA-49B6-956E-3D26259CBAB8}.Release|x86.Build.0 = Release|Any CPU
		{A94ED35F-CC11-4443-AE3F-75967562DBA7}.Debug|Any CPU.ActiveCfg = Debug|Any CPU
		{A94ED35F-CC11-4443-AE3F-75967562DBA7}.Debug|Any CPU.Build.0 = Debug|Any CPU
		{A94ED35F-CC11-4443-AE3F-75967562DBA7}.Debug|x64.ActiveCfg = Debug|Any CPU
		{A94ED35F-CC11-4443-AE3F-75967562DBA7}.Debug|x64.Build.0 = Debug|Any CPU
		{A94ED35F-CC11-4443-AE3F-75967562DBA7}.Debug|x86.ActiveCfg = Debug|Any CPU
		{A94ED35F-CC11-4443-AE3F-75967562DBA7}.Debug|x86.Build.0 = Debug|Any CPU
		{A94ED35F-CC11-4443-AE3F-75967562DBA7}.Release|Any CPU.ActiveCfg = Release|Any CPU
		{A94ED35F-CC11-4443-AE3F-75967562DBA7}.Release|Any CPU.Build.0 = Release|Any CPU
		{A94ED35F-CC11-4443-AE3F-75967562DBA7}.Release|x64.ActiveCfg = Release|Any CPU
		{A94ED35F-CC11-4443-AE3F-75967562DBA7}.Release|x64.Build.0 = Release|Any CPU
		{A94ED35F-CC11-4443-AE3F-75967562DBA7}.Release|x86.ActiveCfg = Release|Any CPU
		{A94ED35F-CC11-4443-AE3F-75967562DBA7}.Release|x86.Build.0 = Release|Any CPU
		{296F1E51-D0AF-444A-819E-1E70E274EE64}.Debug|Any CPU.ActiveCfg = Debug|Any CPU
		{296F1E51-D0AF-444A-819E-1E70E274EE64}.Debug|Any CPU.Build.0 = Debug|Any CPU
		{296F1E51-D0AF-444A-819E-1E70E274EE64}.Debug|x64.ActiveCfg = Debug|Any CPU
		{296F1E51-D0AF-444A-819E-1E70E274EE64}.Debug|x64.Build.0 = Debug|Any CPU
		{296F1E51-D0AF-444A-819E-1E70E274EE64}.Debug|x86.ActiveCfg = Debug|Any CPU
		{296F1E51-D0AF-444A-819E-1E70E274EE64}.Debug|x86.Build.0 = Debug|Any CPU
		{296F1E51-D0AF-444A-819E-1E70E274EE64}.Release|Any CPU.ActiveCfg = Release|Any CPU
		{296F1E51-D0AF-444A-819E-1E70E274EE64}.Release|Any CPU.Build.0 = Release|Any CPU
		{296F1E51-D0AF-444A-819E-1E70E274EE64}.Release|x64.ActiveCfg = Release|Any CPU
		{296F1E51-D0AF-444A-819E-1E70E274EE64}.Release|x64.Build.0 = Release|Any CPU
		{296F1E51-D0AF-444A-819E-1E70E274EE64}.Release|x86.ActiveCfg = Release|Any CPU
		{296F1E51-D0AF-444A-819E-1E70E274EE64}.Release|x86.Build.0 = Release|Any CPU
		{A95A49F1-C01E-4986-B2FB-AF4C54164A3D}.Debug|Any CPU.ActiveCfg = Debug|Any CPU
		{A95A49F1-C01E-4986-B2FB-AF4C54164A3D}.Debug|Any CPU.Build.0 = Debug|Any CPU
		{A95A49F1-C01E-4986-B2FB-AF4C54164A3D}.Debug|x64.ActiveCfg = Debug|Any CPU
		{A95A49F1-C01E-4986-B2FB-AF4C54164A3D}.Debug|x64.Build.0 = Debug|Any CPU
		{A95A49F1-C01E-4986-B2FB-AF4C54164A3D}.Debug|x86.ActiveCfg = Debug|Any CPU
		{A95A49F1-C01E-4986-B2FB-AF4C54164A3D}.Debug|x86.Build.0 = Debug|Any CPU
		{A95A49F1-C01E-4986-B2FB-AF4C54164A3D}.Release|Any CPU.ActiveCfg = Release|Any CPU
		{A95A49F1-C01E-4986-B2FB-AF4C54164A3D}.Release|Any CPU.Build.0 = Release|Any CPU
		{A95A49F1-C01E-4986-B2FB-AF4C54164A3D}.Release|x64.ActiveCfg = Release|Any CPU
		{A95A49F1-C01E-4986-B2FB-AF4C54164A3D}.Release|x64.Build.0 = Release|Any CPU
		{A95A49F1-C01E-4986-B2FB-AF4C54164A3D}.Release|x86.ActiveCfg = Release|Any CPU
		{A95A49F1-C01E-4986-B2FB-AF4C54164A3D}.Release|x86.Build.0 = Release|Any CPU
		{B8982DE3-B20A-48E0-BBA1-2028588C253B}.Debug|Any CPU.ActiveCfg = Debug|Any CPU
		{B8982DE3-B20A-48E0-BBA1-2028588C253B}.Debug|Any CPU.Build.0 = Debug|Any CPU
		{B8982DE3-B20A-48E0-BBA1-2028588C253B}.Debug|x64.ActiveCfg = Debug|Any CPU
		{B8982DE3-B20A-48E0-BBA1-2028588C253B}.Debug|x64.Build.0 = Debug|Any CPU
		{B8982DE3-B20A-48E0-BBA1-2028588C253B}.Debug|x86.ActiveCfg = Debug|Any CPU
		{B8982DE3-B20A-48E0-BBA1-2028588C253B}.Debug|x86.Build.0 = Debug|Any CPU
		{B8982DE3-B20A-48E0-BBA1-2028588C253B}.Release|Any CPU.ActiveCfg = Release|Any CPU
		{B8982DE3-B20A-48E0-BBA1-2028588C253B}.Release|Any CPU.Build.0 = Release|Any CPU
		{B8982DE3-B20A-48E0-BBA1-2028588C253B}.Release|x64.ActiveCfg = Release|Any CPU
		{B8982DE3-B20A-48E0-BBA1-2028588C253B}.Release|x64.Build.0 = Release|Any CPU
		{B8982DE3-B20A-48E0-BBA1-2028588C253B}.Release|x86.ActiveCfg = Release|Any CPU
		{B8982DE3-B20A-48E0-BBA1-2028588C253B}.Release|x86.Build.0 = Release|Any CPU
		{401D569F-E70E-4F3B-8CC8-1A0D6543E341}.Debug|Any CPU.ActiveCfg = Debug|Any CPU
		{401D569F-E70E-4F3B-8CC8-1A0D6543E341}.Debug|Any CPU.Build.0 = Debug|Any CPU
		{401D569F-E70E-4F3B-8CC8-1A0D6543E341}.Debug|x64.ActiveCfg = Debug|Any CPU
		{401D569F-E70E-4F3B-8CC8-1A0D6543E341}.Debug|x64.Build.0 = Debug|Any CPU
		{401D569F-E70E-4F3B-8CC8-1A0D6543E341}.Debug|x86.ActiveCfg = Debug|Any CPU
		{401D569F-E70E-4F3B-8CC8-1A0D6543E341}.Debug|x86.Build.0 = Debug|Any CPU
		{401D569F-E70E-4F3B-8CC8-1A0D6543E341}.Release|Any CPU.ActiveCfg = Release|Any CPU
		{401D569F-E70E-4F3B-8CC8-1A0D6543E341}.Release|Any CPU.Build.0 = Release|Any CPU
		{401D569F-E70E-4F3B-8CC8-1A0D6543E341}.Release|x64.ActiveCfg = Release|Any CPU
		{401D569F-E70E-4F3B-8CC8-1A0D6543E341}.Release|x64.Build.0 = Release|Any CPU
		{401D569F-E70E-4F3B-8CC8-1A0D6543E341}.Release|x86.ActiveCfg = Release|Any CPU
		{401D569F-E70E-4F3B-8CC8-1A0D6543E341}.Release|x86.Build.0 = Release|Any CPU
		{6EBE44C7-AA59-4C0B-86C8-62760FF93EE5}.Debug|Any CPU.ActiveCfg = Debug|Any CPU
		{6EBE44C7-AA59-4C0B-86C8-62760FF93EE5}.Debug|Any CPU.Build.0 = Debug|Any CPU
		{6EBE44C7-AA59-4C0B-86C8-62760FF93EE5}.Debug|x64.ActiveCfg = Debug|Any CPU
		{6EBE44C7-AA59-4C0B-86C8-62760FF93EE5}.Debug|x64.Build.0 = Debug|Any CPU
		{6EBE44C7-AA59-4C0B-86C8-62760FF93EE5}.Debug|x86.ActiveCfg = Debug|Any CPU
		{6EBE44C7-AA59-4C0B-86C8-62760FF93EE5}.Debug|x86.Build.0 = Debug|Any CPU
		{6EBE44C7-AA59-4C0B-86C8-62760FF93EE5}.Release|Any CPU.ActiveCfg = Release|Any CPU
		{6EBE44C7-AA59-4C0B-86C8-62760FF93EE5}.Release|Any CPU.Build.0 = Release|Any CPU
		{6EBE44C7-AA59-4C0B-86C8-62760FF93EE5}.Release|x64.ActiveCfg = Release|Any CPU
		{6EBE44C7-AA59-4C0B-86C8-62760FF93EE5}.Release|x64.Build.0 = Release|Any CPU
		{6EBE44C7-AA59-4C0B-86C8-62760FF93EE5}.Release|x86.ActiveCfg = Release|Any CPU
		{6EBE44C7-AA59-4C0B-86C8-62760FF93EE5}.Release|x86.Build.0 = Release|Any CPU
	EndGlobalSection
	GlobalSection(SolutionProperties) = preSolution
		HideSolutionNode = FALSE
	EndGlobalSection
	GlobalSection(NestedProjects) = preSolution
		{B9CE6717-F57F-4EE2-AC2F-C3557DBE8188} = {D82C56D6-B2CD-F611-9E31-04638F7EC30E}
		{395A40E7-2F73-140A-0C55-77D59F73E609} = {D82C56D6-B2CD-F611-9E31-04638F7EC30E}
		{A1B2C3D4-E5F6-7890-ABCD-123456789012} = {02EA681E-C7D8-13C7-8484-4AC65E1B71E8}
		{7F250A78-6694-4FD8-81D4-16306D34613D} = {02EA681E-C7D8-13C7-8484-4AC65E1B71E8}
		{82517AB2-1502-4504-98EC-95498BD69C58} = {D82C56D6-B2CD-F611-9E31-04638F7EC30E}
		{AC8F9D0F-E7B6-EE12-73CF-13F012C690B2} = {45DE0857-3104-4909-8A69-1AE20EAB76DF}
		{D1FC45CA-AEFB-4032-B675-6606F6AF6009} = {AC8F9D0F-E7B6-EE12-73CF-13F012C690B2}
		{2FED3E79-E2AE-41BB-B5E4-F470A9184176} = {AC8F9D0F-E7B6-EE12-73CF-13F012C690B2}
		{A47D009C-D252-4F32-8CDB-FB86D60786D1} = {AC8F9D0F-E7B6-EE12-73CF-13F012C690B2}
		{F5E5CF1E-2E0F-29D0-AC70-2E36AD9744DF} = {45DE0857-3104-4909-8A69-1AE20EAB76DF}
		{B7118881-EA63-4E1C-8369-C038647C192E} = {F5E5CF1E-2E0F-29D0-AC70-2E36AD9744DF}
		{CE646B33-DAC6-4FD4-A9C2-147EF387986A} = {F5E5CF1E-2E0F-29D0-AC70-2E36AD9744DF}
		{E542CD26-48AD-4B34-BD11-52D257FB6B37} = {F5E5CF1E-2E0F-29D0-AC70-2E36AD9744DF}
		{EE16453E-4CBE-55ED-F95D-B39DC3CA47EF} = {45DE0857-3104-4909-8A69-1AE20EAB76DF}
		{3700CAEF-79F2-405B-8801-9339DFF11940} = {EE16453E-4CBE-55ED-F95D-B39DC3CA47EF}
		{EA106B4D-D035-4819-BCEF-C55420A46530} = {EE16453E-4CBE-55ED-F95D-B39DC3CA47EF}
		{E2414486-AFAA-49B6-956E-3D26259CBAB8} = {EE16453E-4CBE-55ED-F95D-B39DC3CA47EF}
		{794F3F40-07BE-6997-455F-23AD8C9CFF9D} = {45DE0857-3104-4909-8A69-1AE20EAB76DF}
		{A94ED35F-CC11-4443-AE3F-75967562DBA7} = {794F3F40-07BE-6997-455F-23AD8C9CFF9D}
		{296F1E51-D0AF-444A-819E-1E70E274EE64} = {794F3F40-07BE-6997-455F-23AD8C9CFF9D}
		{F1A2B3C4-D5E6-F789-0123-456789ABCDEF} = {794F3F40-07BE-6997-455F-23AD8C9CFF9D}
		{371801D1-F0CC-4D4C-1235-EFA502F69593} = {45DE0857-3104-4909-8A69-1AE20EAB76DF}
		{A95A49F1-C01E-4986-B2FB-AF4C54164A3D} = {371801D1-F0CC-4D4C-1235-EFA502F69593}
		{B8982DE3-B20A-48E0-BBA1-2028588C253B} = {371801D1-F0CC-4D4C-1235-EFA502F69593}
		{976A6A19-DAC8-5E67-706C-FBDBB7BF594C} = {45DE0857-3104-4909-8A69-1AE20EAB76DF}
		{401D569F-E70E-4F3B-8CC8-1A0D6543E341} = {976A6A19-DAC8-5E67-706C-FBDBB7BF594C}
		{6EBE44C7-AA59-4C0B-86C8-62760FF93EE5} = {976A6A19-DAC8-5E67-706C-FBDBB7BF594C}
	EndGlobalSection
	GlobalSection(ExtensibilityGlobals) = postSolution
		SolutionGuid = {D8086B07-B208-461E-859B-E49C09DBFCF1}
	EndGlobalSection
EndGlobal
